
Microsoft Visual Studio Solution File, Format Version 12.00
# Visual Studio Version 16
VisualStudioVersion = 16.0.30413.136
MinimumVisualStudioVersion = 10.0.40219.1
Project("{9A19103F-16F7-4668-BE54-9A1E7A4F7556}") = "TownSuite.CoreDataAccess", "TownSuite.CoreDataAccess\TownSuite.CoreDataAccess.csproj", "{10631D95-4992-4F49-9F29-97B1B6F60CD9}"
EndProject
Project("{9A19103F-16F7-4668-BE54-9A1E7A4F7556}") = "TownSuite.CoreWebAPI", "TownSuite.CoreWebAPI\TownSuite.CoreWebAPI.csproj", "{47146301-3A53-480F-934E-E754F10FA22F}"
EndProject
Project("{FAE04EC0-301F-11D3-BF4B-00C04F79EFBC}") = "TownSuite.CoreDTOs", "TownSuite.CoreDTOs\TownSuite.CoreDTOs.csproj", "{464F0186-392A-4114-BEA3-350D35446FC8}"
EndProject
Global
	GlobalSection(SolutionConfigurationPlatforms) = preSolution
		Debug|Any CPU = Debug|Any CPU
		Release|Any CPU = Release|Any CPU
	EndGlobalSection
	GlobalSection(ProjectConfigurationPlatforms) = postSolution
		{10631D95-4992-4F49-9F29-97B1B6F60CD9}.Debug|Any CPU.ActiveCfg = Debug|Any CPU
		{10631D95-4992-4F49-9F29-97B1B6F60CD9}.Debug|Any CPU.Build.0 = Debug|Any CPU
		{10631D95-4992-4F49-9F29-97B1B6F60CD9}.Release|Any CPU.ActiveCfg = Release|Any CPU
		{10631D95-4992-4F49-9F29-97B1B6F60CD9}.Release|Any CPU.Build.0 = Release|Any CPU
		{47146301-3A53-480F-934E-E754F10FA22F}.Debug|Any CPU.ActiveCfg = Debug|Any CPU
		{47146301-3A53-480F-934E-E754F10FA22F}.Debug|Any CPU.Build.0 = Debug|Any CPU
		{47146301-3A53-480F-934E-E754F10FA22F}.Release|Any CPU.ActiveCfg = Release|Any CPU
		{47146301-3A53-480F-934E-E754F10FA22F}.Release|Any CPU.Build.0 = Release|Any CPU
		{464F0186-392A-4114-BEA3-350D35446FC8}.Debug|Any CPU.ActiveCfg = Debug|Any CPU
		{464F0186-392A-4114-BEA3-350D35446FC8}.Debug|Any CPU.Build.0 = Debug|Any CPU
		{464F0186-392A-4114-BEA3-350D35446FC8}.Release|Any CPU.ActiveCfg = Release|Any CPU
		{464F0186-392A-4114-BEA3-350D35446FC8}.Release|Any CPU.Build.0 = Release|Any CPU
	EndGlobalSection
	GlobalSection(SolutionProperties) = preSolution
		HideSolutionNode = FALSE
	EndGlobalSection
	GlobalSection(ExtensibilityGlobals) = postSolution
		SolutionGuid = {59F1DBAB-21D3-4052-95E8-351E2296871D}
	EndGlobalSection
EndGlobal
